
Microsoft Visual Studio Solution File, Format Version 12.00
# Visual Studio 15
VisualStudioVersion = 15.0.27703.2047
MinimumVisualStudioVersion = 10.0.40219.1
Project("{FAE04EC0-301F-11D3-BF4B-00C04F79EFBC}") = "JCashMachineThailand", "JCashMachineThailand\JCashMachineThailand.csproj", "{AD55434A-ED3B-4A24-8091-55B05262FCCB}"
EndProject
Global
	GlobalSection(SolutionConfigurationPlatforms) = preSolution
		Debug|Any CPU = Debug|Any CPU
		Release|Any CPU = Release|Any CPU
	EndGlobalSection
	GlobalSection(ProjectConfigurationPlatforms) = postSolution
		{AD55434A-ED3B-4A24-8091-55B05262FCCB}.Debug|Any CPU.ActiveCfg = Debug|Any CPU
		{AD55434A-ED3B-4A24-8091-55B05262FCCB}.Debug|Any CPU.Build.0 = Debug|Any CPU
		{AD55434A-ED3B-4A24-8091-55B05262FCCB}.Release|Any CPU.ActiveCfg = Release|Any CPU
		{AD55434A-ED3B-4A24-8091-55B05262FCCB}.Release|Any CPU.Build.0 = Release|Any CPU
	EndGlobalSection
	GlobalSection(SolutionProperties) = preSolution
		HideSolutionNode = FALSE
	EndGlobalSection
	GlobalSection(ExtensibilityGlobals) = postSolution
		SolutionGuid = {C16DCD4C-4B32-404C-B309-85D7696BC0A4}
	EndGlobalSection
EndGlobal
